
Microsoft Visual Studio Solution File, Format Version 12.00
# Visual Studio Version 17
VisualStudioVersion = 17.4.33403.182
MinimumVisualStudioVersion = 10.0.40219.1
Project("{FAE04EC0-301F-11D3-BF4B-00C04F79EFBC}") = "BetterGuestBookUI", "BetterGuestBookUI\BetterGuestBookUI.csproj", "{EC28DA60-36EC-43E3-AD28-EC41D0116662}"
EndProject
Project("{FAE04EC0-301F-11D3-BF4B-00C04F79EFBC}") = "GuestBookLibrary", "GuestBookLibrary\GuestBookLibrary.csproj", "{C4516C83-3F68-4E48-878B-6F5CB2830A61}"
EndProject
Global
	GlobalSection(SolutionConfigurationPlatforms) = preSolution
		Debug|Any CPU = Debug|Any CPU
		Release|Any CPU = Release|Any CPU
	EndGlobalSection
	GlobalSection(ProjectConfigurationPlatforms) = postSolution
		{EC28DA60-36EC-43E3-AD28-EC41D0116662}.Debug|Any CPU.ActiveCfg = Debug|Any CPU
		{EC28DA60-36EC-43E3-AD28-EC41D0116662}.Debug|Any CPU.Build.0 = Debug|Any CPU
		{EC28DA60-36EC-43E3-AD28-EC41D0116662}.Release|Any CPU.ActiveCfg = Release|Any CPU
		{EC28DA60-36EC-43E3-AD28-EC41D0116662}.Release|Any CPU.Build.0 = Release|Any CPU
		{C4516C83-3F68-4E48-878B-6F5CB2830A61}.Debug|Any CPU.ActiveCfg = Debug|Any CPU
		{C4516C83-3F68-4E48-878B-6F5CB2830A61}.Debug|Any CPU.Build.0 = Debug|Any CPU
		{C4516C83-3F68-4E48-878B-6F5CB2830A61}.Release|Any CPU.ActiveCfg = Release|Any CPU
		{C4516C83-3F68-4E48-878B-6F5CB2830A61}.Release|Any CPU.Build.0 = Release|Any CPU
	EndGlobalSection
	GlobalSection(SolutionProperties) = preSolution
		HideSolutionNode = FALSE
	EndGlobalSection
	GlobalSection(ExtensibilityGlobals) = postSolution
		SolutionGuid = {9B83B2AB-F7E1-42E4-BE21-56C6B6F0D4AC}
	EndGlobalSection
EndGlobal
